Microsoft Visual Studio Solution File, Format Version 12.00
# Visual Studio Version 17
VisualStudioVersion = 17.13.35913.81
MinimumVisualStudioVersion = 10.0.40219.1
Project("{FAE04EC0-301F-11D3-BF4B-00C04F79EFBC}") = "InjectifyCmd", "InjectifyCmd\InjectifyCmd.csproj", "{FA60FCDD-639F-4FEA-84B1-8F73B52A63CF}"
EndProject
Global
	GlobalSection(SolutionConfigurationPlatforms) = preSolution
		Debug|Any CPU = Debug|Any CPU
		Release|Any CPU = Release|Any CPU
	EndGlobalSection
	GlobalSection(ProjectConfigurationPlatforms) = postSolution
		{FA60FCDD-639F-4FEA-84B1-8F73B52A63CF}.Debug|Any CPU.ActiveCfg = Debug|Any CPU
		{FA60FCDD-639F-4FEA-84B1-8F73B52A63CF}.Debug|Any CPU.Build.0 = Debug|Any CPU
		{FA60FCDD-639F-4FEA-84B1-8F73B52A63CF}.Release|Any CPU.ActiveCfg = Release|Any CPU
		{FA60FCDD-639F-4FEA-84B1-8F73B52A63CF}.Release|Any CPU.Build.0 = Release|Any CPU
	EndGlobalSection
	GlobalSection(SolutionProperties) = preSolution
		HideSolutionNode = FALSE
	EndGlobalSection
	GlobalSection(ExtensibilityGlobals) = postSolution
		SolutionGuid = {1A7EEB0B-207C-4DA6-81D0-6D162A41A9D1}
	EndGlobalSection
EndGlobal
